
Microsoft Visual Studio Solution File, Format Version 12.00
# Visual Studio Version 17
VisualStudioVersion = 17.5.002.0
MinimumVisualStudioVersion = 10.0.40219.1
Project("{9A19103F-16F7-4668-BE54-9A1E7A4F7556}") = "AnimeWeb", "AnimeWeb.csproj", "{BDA42014-C882-468E-A571-6E30316C8B5E}"
EndProject
Global
	GlobalSection(SolutionConfigurationPlatforms) = preSolution
		Debug|Any CPU = Debug|Any CPU
		Release|Any CPU = Release|Any CPU
	EndGlobalSection
	GlobalSection(ProjectConfigurationPlatforms) = postSolution
		{BDA42014-C882-468E-A571-6E30316C8B5E}.Debug|Any CPU.ActiveCfg = Debug|Any CPU
		{BDA42014-C882-468E-A571-6E30316C8B5E}.Debug|Any CPU.Build.0 = Debug|Any CPU
		{BDA42014-C882-468E-A571-6E30316C8B5E}.Release|Any CPU.ActiveCfg = Release|Any CPU
		{BDA42014-C882-468E-A571-6E30316C8B5E}.Release|Any CPU.Build.0 = Release|Any CPU
	EndGlobalSection
	GlobalSection(SolutionProperties) = preSolution
		HideSolutionNode = FALSE
	EndGlobalSection
	GlobalSection(ExtensibilityGlobals) = postSolution
		SolutionGuid = {499FD182-FD68-468D-922C-AA6CDD516084}
	EndGlobalSection
EndGlobal
